
Microsoft Visual Studio Solution File, Format Version 12.00
# Visual Studio Version 17
VisualStudioVersion = 17.9.34723.18
MinimumVisualStudioVersion = 10.0.40219.1
Project("{FAE04EC0-301F-11D3-BF4B-00C04F79EFBC}") = "Comp-Torres", "Comp-Torres.csproj", "{37378AE2-D18A-40E7-A6AD-32D5E52559F6}"
EndProject
Global
	GlobalSection(SolutionConfigurationPlatforms) = preSolution
		Debug|Any CPU = Debug|Any CPU
		Release|Any CPU = Release|Any CPU
	EndGlobalSection
	GlobalSection(ProjectConfigurationPlatforms) = postSolution
		{37378AE2-D18A-40E7-A6AD-32D5E52559F6}.Debug|Any CPU.ActiveCfg = Debug|Any CPU
		{37378AE2-D18A-40E7-A6AD-32D5E52559F6}.Debug|Any CPU.Build.0 = Debug|Any CPU
		{37378AE2-D18A-40E7-A6AD-32D5E52559F6}.Release|Any CPU.ActiveCfg = Release|Any CPU
		{37378AE2-D18A-40E7-A6AD-32D5E52559F6}.Release|Any CPU.Build.0 = Release|Any CPU
	EndGlobalSection
	GlobalSection(SolutionProperties) = preSolution
		HideSolutionNode = FALSE
	EndGlobalSection
	GlobalSection(ExtensibilityGlobals) = postSolution
		SolutionGuid = {A809AEEB-1DA4-48F9-A20C-273A5FCC3C14}
	EndGlobalSection
EndGlobal
